
Microsoft Visual Studio Solution File, Format Version 12.00
# Visual Studio Version 17
VisualStudioVersion = 17.14.36518.9 d17.14
MinimumVisualStudioVersion = 10.0.40219.1
Project("{FAE04EC0-301F-11D3-BF4B-00C04F79EFBC}") = "Kalkulyator", "Kalkulyator\Kalkulyator.csproj", "{94597E27-2BFC-4A46-B311-515608CC6411}"
EndProject
Global
	GlobalSection(SolutionConfigurationPlatforms) = preSolution
		Debug|Any CPU = Debug|Any CPU
		Release|Any CPU = Release|Any CPU
	EndGlobalSection
	GlobalSection(ProjectConfigurationPlatforms) = postSolution
		{94597E27-2BFC-4A46-B311-515608CC6411}.Debug|Any CPU.ActiveCfg = Debug|Any CPU
		{94597E27-2BFC-4A46-B311-515608CC6411}.Debug|Any CPU.Build.0 = Debug|Any CPU
		{94597E27-2BFC-4A46-B311-515608CC6411}.Debug|Any CPU.Deploy.0 = Debug|Any CPU
		{94597E27-2BFC-4A46-B311-515608CC6411}.Release|Any CPU.ActiveCfg = Release|Any CPU
		{94597E27-2BFC-4A46-B311-515608CC6411}.Release|Any CPU.Build.0 = Release|Any CPU
		{94597E27-2BFC-4A46-B311-515608CC6411}.Release|Any CPU.Deploy.0 = Release|Any CPU
	EndGlobalSection
	GlobalSection(SolutionProperties) = preSolution
		HideSolutionNode = FALSE
	EndGlobalSection
	GlobalSection(ExtensibilityGlobals) = postSolution
		SolutionGuid = {2EDCE220-5AE0-4988-A555-EA743D2AC354}
	EndGlobalSection
EndGlobal
